
Microsoft Visual Studio Solution File, Format Version 12.00
# Visual Studio Version 16
VisualStudioVersion = 16.0.28729.10
MinimumVisualStudioVersion = 10.0.40219.1
Project("{FAE04EC0-301F-11D3-BF4B-00C04F79EFBC}") = "GenericList", "GenericList\GenericList.csproj", "{A123D2FE-5E22-435B-82D8-62945F9E5BA0}"
EndProject
Project("{FAE04EC0-301F-11D3-BF4B-00C04F79EFBC}") = "GenericList.Tests", "GenericList.Tests\GenericList.Tests.csproj", "{1345A055-A978-40CD-90F7-556DC5247E72}"
EndProject
Global
	GlobalSection(SolutionConfigurationPlatforms) = preSolution
		Debug|Any CPU = Debug|Any CPU
		Release|Any CPU = Release|Any CPU
	EndGlobalSection
	GlobalSection(ProjectConfigurationPlatforms) = postSolution
		{A123D2FE-5E22-435B-82D8-62945F9E5BA0}.Debug|Any CPU.ActiveCfg = Debug|Any CPU
		{A123D2FE-5E22-435B-82D8-62945F9E5BA0}.Debug|Any CPU.Build.0 = Debug|Any CPU
		{A123D2FE-5E22-435B-82D8-62945F9E5BA0}.Release|Any CPU.ActiveCfg = Release|Any CPU
		{A123D2FE-5E22-435B-82D8-62945F9E5BA0}.Release|Any CPU.Build.0 = Release|Any CPU
		{1345A055-A978-40CD-90F7-556DC5247E72}.Debug|Any CPU.ActiveCfg = Debug|Any CPU
		{1345A055-A978-40CD-90F7-556DC5247E72}.Debug|Any CPU.Build.0 = Debug|Any CPU
		{1345A055-A978-40CD-90F7-556DC5247E72}.Release|Any CPU.ActiveCfg = Release|Any CPU
		{1345A055-A978-40CD-90F7-556DC5247E72}.Release|Any CPU.Build.0 = Release|Any CPU
	EndGlobalSection
	GlobalSection(SolutionProperties) = preSolution
		HideSolutionNode = FALSE
	EndGlobalSection
	GlobalSection(ExtensibilityGlobals) = postSolution
		SolutionGuid = {67707F48-6C5F-43CA-BE5C-7E08DAC8907D}
	EndGlobalSection
EndGlobal
