
Microsoft Visual Studio Solution File, Format Version 12.00
# Visual Studio Version 16
VisualStudioVersion = 16.0.28729.10
MinimumVisualStudioVersion = 10.0.40219.1
Project("{9A19103F-16F7-4668-BE54-9A1E7A4F7556}") = "Task1", "Task1\Task1.csproj", "{967DC568-2757-4C6A-9078-1539CA2D1A8E}"
EndProject
Project("{FAE04EC0-301F-11D3-BF4B-00C04F79EFBC}") = "Task1.Tests", "Task1.Tests\Task1.Tests.csproj", "{3E8F963A-B575-4142-8053-6A0CC4E85AB2}"
EndProject
Global
	GlobalSection(SolutionConfigurationPlatforms) = preSolution
		Debug|Any CPU = Debug|Any CPU
		Release|Any CPU = Release|Any CPU
	EndGlobalSection
	GlobalSection(ProjectConfigurationPlatforms) = postSolution
		{967DC568-2757-4C6A-9078-1539CA2D1A8E}.Debug|Any CPU.ActiveCfg = Debug|Any CPU
		{967DC568-2757-4C6A-9078-1539CA2D1A8E}.Debug|Any CPU.Build.0 = Debug|Any CPU
		{967DC568-2757-4C6A-9078-1539CA2D1A8E}.Release|Any CPU.ActiveCfg = Release|Any CPU
		{967DC568-2757-4C6A-9078-1539CA2D1A8E}.Release|Any CPU.Build.0 = Release|Any CPU
		{3E8F963A-B575-4142-8053-6A0CC4E85AB2}.Debug|Any CPU.ActiveCfg = Debug|Any CPU
		{3E8F963A-B575-4142-8053-6A0CC4E85AB2}.Debug|Any CPU.Build.0 = Debug|Any CPU
		{3E8F963A-B575-4142-8053-6A0CC4E85AB2}.Release|Any CPU.ActiveCfg = Release|Any CPU
		{3E8F963A-B575-4142-8053-6A0CC4E85AB2}.Release|Any CPU.Build.0 = Release|Any CPU
	EndGlobalSection
	GlobalSection(SolutionProperties) = preSolution
		HideSolutionNode = FALSE
	EndGlobalSection
	GlobalSection(ExtensibilityGlobals) = postSolution
		SolutionGuid = {2C5BFC71-4F65-4F47-8FA8-639EC004EDC4}
	EndGlobalSection
EndGlobal
